// !$*UTF8*$!
{
	archiveVersion = 1;
	classes = {
	};
	objectVersion = 55;
	objects = {

/* Begin PBXBuildFile section */
		A624C1DD28C8E99E0092F1C6 /* AppDelegate.swift in Sources */ = {isa = PBXBuildFile; fileRef = A624C1DC28C8E99E0092F1C6 /* AppDelegate.swift */; };
		A624C1DF28C8E99E0092F1C6 /* SceneDelegate.swift in Sources */ = {isa = PBXBuildFile; fileRef = A624C1DE28C8E99E0092F1C6 /* SceneDelegate.swift */; };
		A624C1E128C8E99E0092F1C6 /* ViewController.swift in Sources */ = {isa = PBXBuildFile; fileRef = A624C1E028C8E99E0092F1C6 /* ViewController.swift */; };
		A624C1E428C8E99E0092F1C6 /* Main.storyboard in Resources */ = {isa = PBXBuildFile; fileRef = A624C1E228C8E99E0092F1C6 /* Main.storyboard */; };
		A624C1E728C8E99E0092F1C6 /* tutoring_app.xcdatamodeld in Sources */ = {isa = PBXBuildFile; fileRef = A624C1E528C8E99E0092F1C6 /* tutoring_app.xcdatamodeld */; };
		A624C1E928C8E99F0092F1C6 /* Assets.xcassets in Resources */ = {isa = PBXBuildFile; fileRef = A624C1E828C8E99F0092F1C6 /* Assets.xcassets */; };
		A624C1EC28C8E99F0092F1C6 /* LaunchScreen.storyboard in Resources */ = {isa = PBXBuildFile; fileRef = A624C1EA28C8E99F0092F1C6 /* LaunchScreen.storyboard */; };
		A624C1F728C8E99F0092F1C6 /* tutoring_appTests.swift in Sources */ = {isa = PBXBuildFile; fileRef = A624C1F628C8E99F0092F1C6 /* tutoring_appTests.swift */; };
		A624C20128C8E99F0092F1C6 /* tutoring_appUITests.swift in Sources */ = {isa = PBXBuildFile; fileRef = A624C20028C8E99F0092F1C6 /* tutoring_appUITests.swift */; };
		A624C20328C8E99F0092F1C6 /* tutoring_appUITestsLaunchTests.swift in Sources */ = {isa = PBXBuildFile; fileRef = A624C20228C8E99F0092F1C6 /* tutoring_appUITestsLaunchTests.swift */; };
/* End PBXBuildFile section */

/* Begin PBXContainerItemProxy section */
		A624C1F328C8E99F0092F1C6 /* PBXContainerItemProxy */ = {
			isa = PBXContainerItemProxy;
			containerPortal = A624C1D128C8E99E0092F1C6 /* Project object */;
			proxyType = 1;
			remoteGlobalIDString = A624C1D828C8E99E0092F1C6;
			remoteInfo = "tutoring app";
		};
		A624C1FD28C8E99F0092F1C6 /* PBXContainerItemProxy */ = {
			isa = PBXContainerItemProxy;
			containerPortal = A624C1D128C8E99E0092F1C6 /* Project object */;
			proxyType = 1;
			remoteGlobalIDString = A624C1D828C8E99E0092F1C6;
			remoteInfo = "tutoring app";
		};
/* End PBXContainerItemProxy section */

/* Begin PBXFileReference section */
		A624C1D928C8E99E0092F1C6 /* tutoring app.app */ = {isa = PBXFileReference; explicitFileType = wrapper.application; includeInIndex = 0; path = "tutoring app.app"; sourceTree = BUILT_PRODUCTS_DIR; };
		A624C1DC28C8E99E0092F1C6 /* AppDelegate.swift */ = {isa = PBXFileReference; lastKnownFileType = sourcecode.swift; path = AppDelegate.swift; sourceTree = "<group>"; };
		A624C1DE28C8E99E0092F1C6 /* SceneDelegate.swift */ = {isa = PBXFileReference; lastKnownFileType = sourcecode.swift; path = SceneDelegate.swift; sourceTree = "<group>"; };
		A624C1E028C8E99E0092F1C6 /* ViewController.swift */ = {isa = PBXFileReference; lastKnownFileType = sourcecode.swift; path = ViewController.swift; sourceTree = "<group>"; };
		A624C1E328C8E99E0092F1C6 /* Base */ = {isa = PBXFileReference; lastKnownFileType = file.storyboard; name = Base; path = Base.lproj/Main.storyboard; sourceTree = "<group>"; };
		A624C1E628C8E99E0092F1C6 /* tutoring_app.xcdatamodel */ = {isa = PBXFileReference; lastKnownFileType = wrapper.xcdatamodel; path = tutoring_app.xcdatamodel; sourceTree = "<group>"; };
		A624C1E828C8E99F0092F1C6 /* Assets.xcassets */ = {isa = PBXFileReference; lastKnownFileType = folder.assetcatalog; path = Assets.xcassets; sourceTree = "<group>"; };
		A624C1EB28C8E99F0092F1C6 /* Base */ = {isa = PBXFileReference; lastKnownFileType = file.storyboard; name = Base; path = Base.lproj/LaunchScreen.storyboard; sourceTree = "<group>"; };
		A624C1ED28C8E99F0092F1C6 /* Info.plist */ = {isa = PBXFileReference; lastKnownFileType = text.plist.xml; path = Info.plist; sourceTree = "<group>"; };
		A624C1F228C8E99F0092F1C6 /* tutoring appTests.xctest */ = {isa = PBXFileReference; explicitFileType = wrapper.cfbundle; includeInIndex = 0; path = "tutoring appTests.xctest"; sourceTree = BUILT_PRODUCTS_DIR; };
		A624C1F628C8E99F0092F1C6 /* tutoring_appTests.swift */ = {isa = PBXFileReference; lastKnownFileType = sourcecode.swift; path = tutoring_appTests.swift; sourceTree = "<group>"; };
		A624C1FC28C8E99F0092F1C6 /* tutoring appUITests.xctest */ = {isa = PBXFileReference; explicitFileType = wrapper.cfbundle; includeInIndex = 0; path = "tutoring appUITests.xctest"; sourceTree = BUILT_PRODUCTS_DIR; };
		A624C20028C8E99F0092F1C6 /* tutoring_appUITests.swift */ = {isa = PBXFileReference; lastKnownFileType = sourcecode.swift; path = tutoring_appUITests.swift; sourceTree = "<group>"; };
		A624C20228C8E99F0092F1C6 /* tutoring_appUITestsLaunchTests.swift */ = {isa = PBXFileReference; lastKnownFileType = sourcecode.swift; path = tutoring_appUITestsLaunchTests.swift; sourceTree = "<group>"; };
/* End PBXFileReference section */

/* Begin PBXFrameworksBuildPhase section */
		A624C1D628C8E99E0092F1C6 /* Frameworks */ = {
			isa = PBXFrameworksBuildPhase;
			buildActionMask = 2147483647;
			files = (
			);
			runOnlyForDeploymentPostprocessing = 0;
		};
		A624C1EF28C8E99F0092F1C6 /* Frameworks */ = {
			isa = PBXFrameworksBuildPhase;
			buildActionMask = 2147483647;
			files = (
			);
			runOnlyForDeploymentPostprocessing = 0;
		};
		A624C1F928C8E99F0092F1C6 /* Frameworks */ = {
			isa = PBXFrameworksBuildPhase;
			buildActionMask = 2147483647;
			files = (
			);
			runOnlyForDeploymentPostprocessing = 0;
		};
/* End PBXFrameworksBuildPhase section */

/* Begin PBXGroup section */
		A624C1D028C8E99E0092F1C6 = {
			isa = PBXGroup;
			children = (
				A624C1DB28C8E99E0092F1C6 /* tutoring app */,
				A624C1F528C8E99F0092F1C6 /* tutoring appTests */,
				A624C1FF28C8E99F0092F1C6 /* tutoring appUITests */,
				A624C1DA28C8E99E0092F1C6 /* Products */,
			);
			sourceTree = "<group>";
		};
		A624C1DA28C8E99E0092F1C6 /* Products */ = {
			isa = PBXGroup;
			children = (
				A624C1D928C8E99E0092F1C6 /* tutoring app.app */,
				A624C1F228C8E99F0092F1C6 /* tutoring appTests.xctest */,
				A624C1FC28C8E99F0092F1C6 /* tutoring appUITests.xctest */,
			);
			name = Products;
			sourceTree = "<group>";
		};
		A624C1DB28C8E99E0092F1C6 /* tutoring app */ = {
			isa = PBXGroup;
			children = (
				A624C1DC28C8E99E0092F1C6 /* AppDelegate.swift */,
				A624C1DE28C8E99E0092F1C6 /* SceneDelegate.swift */,
				A624C1E028C8E99E0092F1C6 /* ViewController.swift */,
				A624C1E228C8E99E0092F1C6 /* Main.storyboard */,
				A624C1E828C8E99F0092F1C6 /* Assets.xcassets */,
				A624C1EA28C8E99F0092F1C6 /* LaunchScreen.storyboard */,
				A624C1ED28C8E99F0092F1C6 /* Info.plist */,
				A624C1E528C8E99E0092F1C6 /* tutoring_app.xcdatamodeld */,
			);
			path = "tutoring app";
			sourceTree = "<group>";
		};
		A624C1F528C8E99F0092F1C6 /* tutoring appTests */ = {
			isa = PBXGroup;
			children = (
				A624C1F628C8E99F0092F1C6 /* tutoring_appTests.swift */,
			);
			path = "tutoring appTests";
			sourceTree = "<group>";
		};
		A624C1FF28C8E99F0092F1C6 /* tutoring appUITests */ = {
			isa = PBXGroup;
			children = (
				A624C20028C8E99F0092F1C6 /* tutoring_appUITests.swift */,
				A624C20228C8E99F0092F1C6 /* tutoring_appUITestsLaunchTests.swift */,
			);
			path = "tutoring appUITests";
			sourceTree = "<group>";
		};
/* End PBXGroup section */

/* Begin PBXNativeTarget section */
		A624C1D828C8E99E0092F1C6 /* tutoring app */ = {
			isa = PBXNativeTarget;
			buildConfigurationList = A624C20628C8E99F0092F1C6 /* Build configuration list for PBXNativeTarget "tutoring app" */;
			buildPhases = (
				A624C1D528C8E99E0092F1C6 /* Sources */,
				A624C1D628C8E99E0092F1C6 /* Frameworks */,
				A624C1D728C8E99E0092F1C6 /* Resources */,
			);
			buildRules = (
			);
			dependencies = (
			);
			name = "tutoring app";
			productName = "tutoring app";
			productReference = A624C1D928C8E99E0092F1C6 /* tutoring app.app */;
			productType = "com.apple.product-type.application";
		};
		A624C1F128C8E99F0092F1C6 /* tutoring appTests */ = {
			isa = PBXNativeTarget;
			buildConfigurationList = A624C20928C8E99F0092F1C6 /* Build configuration list for PBXNativeTarget "tutoring appTests" */;
			buildPhases = (
				A624C1EE28C8E99F0092F1C6 /* Sources */,
				A624C1EF28C8E99F0092F1C6 /* Frameworks */,
				A624C1F028C8E99F0092F1C6 /* Resources */,
			);
			buildRules = (
			);
			dependencies = (
				A624C1F428C8E99F0092F1C6 /* PBXTargetDependency */,
			);
			name = "tutoring appTests";
			productName = "tutoring appTests";
			productReference = A624C1F228C8E99F0092F1C6 /* tutoring appTests.xctest */;
			productType = "com.apple.product-type.bundle.unit-test";
		};
		A624C1FB28C8E99F0092F1C6 /* tutoring appUITests */ = {
			isa = PBXNativeTarget;
			buildConfigurationList = A624C20C28C8E99F0092F1C6 /* Build configuration list for PBXNativeTarget "tutoring appUITests" */;
			buildPhases = (
				A624C1F828C8E99F0092F1C6 /* Sources */,
				A624C1F928C8E99F0092F1C6 /* Frameworks */,
				A624C1FA28C8E99F0092F1C6 /* Resources */,
			);
			buildRules = (
			);
			dependencies = (
				A624C1FE28C8E99F0092F1C6 /* PBXTargetDependency */,
			);
			name = "tutoring appUITests";
			productName = "tutoring appUITests";
			productReference = A624C1FC28C8E99F0092F1C6 /* tutoring appUITests.xctest */;
			productType = "com.apple.product-type.bundle.ui-testing";
		};
/* End PBXNativeTarget section */

/* Begin PBXProject section */
		A624C1D128C8E99E0092F1C6 /* Project object */ = {
			isa = PBXProject;
			attributes = {
				BuildIndependentTargetsInParallel = 1;
				LastSwiftUpdateCheck = 1340;
				LastUpgradeCheck = 1340;
				TargetAttributes = {
					A624C1D828C8E99E0092F1C6 = {
						CreatedOnToolsVersion = 13.4.1;
					};
					A624C1F128C8E99F0092F1C6 = {
						CreatedOnToolsVersion = 13.4.1;
						TestTargetID = A624C1D828C8E99E0092F1C6;
					};
					A624C1FB28C8E99F0092F1C6 = {
						CreatedOnToolsVersion = 13.4.1;
						TestTargetID = A624C1D828C8E99E0092F1C6;
					};
				};
			};
			buildConfigurationList = A624C1D428C8E99E0092F1C6 /* Build configuration list for PBXProject "tutoring app" */;
			compatibilityVersion = "Xcode 13.0";
			developmentRegion = en;
			hasScannedForEncodings = 0;
			knownRegions = (
				en,
				Base,
			);
			mainGroup = A624C1D028C8E99E0092F1C6;
			productRefGroup = A624C1DA28C8E99E0092F1C6 /* Products */;
			projectDirPath = "";
			projectRoot = "";
			targets = (
				A624C1D828C8E99E0092F1C6 /* tutoring app */,
				A624C1F128C8E99F0092F1C6 /* tutoring appTests */,
				A624C1FB28C8E99F0092F1C6 /* tutoring appUITests */,
			);
		};
/* End PBXProject section */

/* Begin PBXResourcesBuildPhase section */
		A624C1D728C8E99E0092F1C6 /* Resources */ = {
			isa = PBXResourcesBuildPhase;
			buildActionMask = 2147483647;
			files = (
				A624C1EC28C8E99F0092F1C6 /* LaunchScreen.storyboard in Resources */,
				A624C1E928C8E99F0092F1C6 /* Assets.xcassets in Resources */,
				A624C1E428C8E99E0092F1C6 /* Main.storyboard in Resources */,
			);
			runOnlyForDeploymentPostprocessing = 0;
		};
		A624C1F028C8E99F0092F1C6 /* Resources */ = {
			isa = PBXResourcesBuildPhase;
			buildActionMask = 2147483647;
			files = (
			);
			runOnlyForDeploymentPostprocessing = 0;
		};
		A624C1FA28C8E99F0092F1C6 /* Resources */ = {
			isa = PBXResourcesBuildPhase;
			buildActionMask = 2147483647;
			files = (
			);
			runOnlyForDeploymentPostprocessing = 0;
		};
/* End PBXResourcesBuildPhase section */

/* Begin PBXSourcesBuildPhase section */
		A624C1D528C8E99E0092F1C6 /* Sources */ = {
			isa = PBXSourcesBuildPhase;
			buildActionMask = 2147483647;
			files = (
				A624C1E128C8E99E0092F1C6 /* ViewController.swift in Sources */,
				A624C1E728C8E99E0092F1C6 /* tutoring_app.xcdatamodeld in Sources */,
				A624C1DD28C8E99E0092F1C6 /* AppDelegate.swift in Sources */,
				A624C1DF28C8E99E0092F1C6 /* SceneDelegate.swift in Sources */,
			);
			runOnlyForDeploymentPostprocessing = 0;
		};
		A624C1EE28C8E99F0092F1C6 /* Sources */ = {
			isa = PBXSourcesBuildPhase;
			buildActionMask = 2147483647;
			files = (
				A624C1F728C8E99F0092F1C6 /* tutoring_appTests.swift in Sources */,
			);
			runOnlyForDeploymentPostprocessing = 0;
		};
		A624C1F828C8E99F0092F1C6 /* Sources */ = {
			isa = PBXSourcesBuildPhase;
			buildActionMask = 2147483647;
			files = (
				A624C20328C8E99F0092F1C6 /* tutoring_appUITestsLaunchTests.swift in Sources */,
				A624C20128C8E99F0092F1C6 /* tutoring_appUITests.swift in Sources */,
			);
			runOnlyForDeploymentPostprocessing = 0;
		};
/* End PBXSourcesBuildPhase section */

/* Begin PBXTargetDependency section */
		A624C1F428C8E99F0092F1C6 /* PBXTargetDependency */ = {
			isa = PBXTargetDependency;
			target = A624C1D828C8E99E0092F1C6 /* tutoring app */;
			targetProxy = A624C1F328C8E99F0092F1C6 /* PBXContainerItemProxy */;
		};
		A624C1FE28C8E99F0092F1C6 /* PBXTargetDependency */ = {
			isa = PBXTargetDependency;
			target = A624C1D828C8E99E0092F1C6 /* tutoring app */;
			targetProxy = A624C1FD28C8E99F0092F1C6 /* PBXContainerItemProxy */;
		};
/* End PBXTargetDependency section */

/* Begin PBXVariantGroup section */
		A624C1E228C8E99E0092F1C6 /* Main.storyboard */ = {
			isa = PBXVariantGroup;
			children = (
				A624C1E328C8E99E0092F1C6 /* Base */,
			);
			name = Main.storyboard;
			sourceTree = "<group>";
		};
		A624C1EA28C8E99F0092F1C6 /* LaunchScreen.storyboard */ = {
			isa = PBXVariantGroup;
			children = (
				A624C1EB28C8E99F0092F1C6 /* Base */,
			);
			name = LaunchScreen.storyboard;
			sourceTree = "<group>";
		};
/* End PBXVariantGroup section */

/* Begin XCBuildConfiguration section */
		A624C20428C8E99F0092F1C6 /* Debug */ = {
			isa = XCBuildConfiguration;
			buildSettings = {
				ALWAYS_SEARCH_USER_PATHS = NO;
				CLANG_ANALYZER_NONNULL = YES;
				CLANG_ANALYZER_NUMBER_OBJECT_CONVERSION = YES_AGGRESSIVE;
				CLANG_CXX_LANGUAGE_STANDARD = "gnu++17";
				CLANG_ENABLE_MODULES = YES;
				CLANG_ENABLE_OBJC_ARC = YES;
				CLANG_ENABLE_OBJC_WEAK = YES;
				CLANG_WARN_BLOCK_CAPTURE_AUTORELEASING = YES;
				CLANG_WARN_BOOL_CONVERSION = YES;
				CLANG_WARN_COMMA = YES;
				CLANG_WARN_CONSTANT_CONVERSION = YES;
				CLANG_WARN_DEPRECATED_OBJC_IMPLEMENTATIONS = YES;
				CLANG_WARN_DIRECT_OBJC_ISA_USAGE = YES_ERROR;
				CLANG_WARN_DOCUMENTATION_COMMENTS = YES;
				CLANG_WARN_EMPTY_BODY = YES;
				CLANG_WARN_ENUM_CONVERSION = YES;
				CLANG_WARN_INFINITE_RECURSION = YES;
				CLANG_WARN_INT_CONVERSION = YES;
				CLANG_WARN_NON_LITERAL_NULL_CONVERSION = YES;
				CLANG_WARN_OBJC_IMPLICIT_RETAIN_SELF = YES;
				CLANG_WARN_OBJC_LITERAL_CONVERSION = YES;
				CLANG_WARN_OBJC_ROOT_CLASS = YES_ERROR;
				CLANG_WARN_QUOTED_INCLUDE_IN_FRAMEWORK_HEADER = YES;
				CLANG_WARN_RANGE_LOOP_ANALYSIS = YES;
				CLANG_WARN_STRICT_PROTOTYPES = YES;
				CLANG_WARN_SUSPICIOUS_MOVE = YES;
				CLANG_WARN_UNGUARDED_AVAILABILITY = YES_AGGRESSIVE;
				CLANG_WARN_UNREACHABLE_CODE = YES;
				CLANG_WARN__DUPLICATE_METHOD_MATCH = YES;
				COPY_PHASE_STRIP = NO;
				DEBUG_INFORMATION_FORMAT = dwarf;
				ENABLE_STRICT_OBJC_MSGSEND = YES;
				ENABLE_TESTABILITY = YES;
				GCC_C_LANGUAGE_STANDARD = gnu11;
				GCC_DYNAMIC_NO_PIC = NO;
				GCC_NO_COMMON_BLOCKS = YES;
				GCC_OPTIMIZATION_LEVEL = 0;
				GCC_PREPROCESSOR_DEFINITIONS = (
					"DEBUG=1",
					"$(inherited)",
				);
				GCC_WARN_64_TO_32_BIT_CONVERSION = YES;
				GCC_WARN_ABOUT_RETURN_TYPE = YES_ERROR;
				GCC_WARN_UNDECLARED_SELECTOR = YES;
				GCC_WARN_UNINITIALIZED_AUTOS = YES_AGGRESSIVE;
				GCC_WARN_UNUSED_FUNCTION = YES;
				GCC_WARN_UNUSED_VARIABLE = YES;
				IPHONEOS_DEPLOYMENT_TARGET = 15.5;
				MTL_ENABLE_DEBUG_INFO = INCLUDE_SOURCE;
				MTL_FAST_MATH = YES;
				ONLY_ACTIVE_ARCH = YES;
				SDKROOT = iphoneos;
				SWIFT_ACTIVE_COMPILATION_CONDITIONS = DEBUG;
				SWIFT_OPTIMIZATION_LEVEL = "-Onone";
			};
			name = Debug;
		};
		A624C20528C8E99F0092F1C6 /* Release */ = {
			isa = XCBuildConfiguration;
			buildSettings = {
				ALWAYS_SEARCH_USER_PATHS = NO;
				CLANG_ANALYZER_NONNULL = YES;
				CLANG_ANALYZER_NUMBER_OBJECT_CONVERSION = YES_AGGRESSIVE;
				CLANG_CXX_LANGUAGE_STANDARD = "gnu++17";
				CLANG_ENABLE_MODULES = YES;
				CLANG_ENABLE_OBJC_ARC = YES;
				CLANG_ENABLE_OBJC_WEAK = YES;
				CLANG_WARN_BLOCK_CAPTURE_AUTORELEASING = YES;
				CLANG_WARN_BOOL_CONVERSION = YES;
				CLANG_WARN_COMMA = YES;
				CLANG_WARN_CONSTANT_CONVERSION = YES;
				CLANG_WARN_DEPRECATED_OBJC_IMPLEMENTATIONS = YES;
				CLANG_WARN_DIRECT_OBJC_ISA_USAGE = YES_ERROR;
				CLANG_WARN_DOCUMENTATION_COMMENTS = YES;
				CLANG_WARN_EMPTY_BODY = YES;
				CLANG_WARN_ENUM_CONVERSION = YES;
				CLANG_WARN_INFINITE_RECURSION = YES;
				CLANG_WARN_INT_CONVERSION = YES;
				CLANG_WARN_NON_LITERAL_NULL_CONVERSION = YES;
				CLANG_WARN_OBJC_IMPLICIT_RETAIN_SELF = YES;
				CLANG_WARN_OBJC_LITERAL_CONVERSION = YES;
				CLANG_WARN_OBJC_ROOT_CLASS = YES_ERROR;
				CLANG_WARN_QUOTED_INCLUDE_IN_FRAMEWORK_HEADER = YES;
				CLANG_WARN_RANGE_LOOP_ANALYSIS = YES;
				CLANG_WARN_STRICT_PROTOTYPES = YES;
				CLANG_WARN_SUSPICIOUS_MOVE = YES;
				CLANG_WARN_UNGUARDED_AVAILABILITY = YES_AGGRESSIVE;
				CLANG_WARN_UNREACHABLE_CODE = YES;
				CLANG_WARN__DUPLICATE_METHOD_MATCH = YES;
				COPY_PHASE_STRIP = NO;
				DEBUG_INFORMATION_FORMAT = "dwarf-with-dsym";
				ENABLE_NS_ASSERTIONS = NO;
				ENABLE_STRICT_OBJC_MSGSEND = YES;
				GCC_C_LANGUAGE_STANDARD = gnu11;
				GCC_NO_COMMON_BLOCKS = YES;
				GCC_WARN_64_TO_32_BIT_CONVERSION = YES;
				GCC_WARN_ABOUT_RETURN_TYPE = YES_ERROR;
				GCC_WARN_UNDECLARED_SELECTOR = YES;
				GCC_WARN_UNINITIALIZED_AUTOS = YES_AGGRESSIVE;
				GCC_WARN_UNUSED_FUNCTION = YES;
				GCC_WARN_UNUSED_VARIABLE = YES;
				IPHONEOS_DEPLOYMENT_TARGET = 15.5;
				MTL_ENABLE_DEBUG_INFO = NO;
				MTL_FAST_MATH = YES;
				SDKROOT = iphoneos;
				SWIFT_COMPILATION_MODE = wholemodule;
				SWIFT_OPTIMIZATION_LEVEL = "-O";
				VALIDATE_PRODUCT = YES;
			};
			name = Release;
		};
		A624C20728C8E99F0092F1C6 /* Debug */ = {
			isa = XCBuildConfiguration;
			buildSettings = {
				ASSETCATALOG_COMPILER_APPICON_NAME = AppIcon;
				ASSETCATALOG_COMPILER_GLOBAL_ACCENT_COLOR_NAME = AccentColor;
				CODE_SIGN_STYLE = Automatic;
				CURRENT_PROJECT_VERSION = 1;
				GENERATE_INFOPLIST_FILE = YES;
				INFOPLIST_FILE = "tutoring app/Info.plist";
				INFOPLIST_KEY_UIApplicationSupportsIndirectInputEvents = YES;
				INFOPLIST_KEY_UILaunchStoryboardName = LaunchScreen;
				INFOPLIST_KEY_UIMainStoryboardFile = Main;
				INFOPLIST_KEY_UISupportedInterfaceOrientations_iPad = "UIInterfaceOrientationPortrait UIInterfaceOrientationPortraitUpsideDown UIInterfaceOrientationLandscapeLeft UIInterfaceOrientationLandscapeRight";
				INFOPLIST_KEY_UISupportedInterfaceOrientations_iPhone = "UIInterfaceOrientationPortrait UIInterfaceOrientationLandscapeLeft UIInterfaceOrientationLandscapeRight";
				LD_RUNPATH_SEARCH_PATHS = (
					"$(inherited)",
					"@executable_path/Frameworks",
				);
				MARKETING_VERSION = 1.0;
				PRODUCT_BUNDLE_IDENTIFIER = "TheSolo.tutoring-app";
				PRODUCT_NAME = "$(TARGET_NAME)";
				SWIFT_EMIT_LOC_STRINGS = YES;
				SWIFT_VERSION = 5.0;
				TARGETED_DEVICE_FAMILY = "1,2";
			};
			name = Debug;
		};
		A624C20828C8E99F0092F1C6 /* Release */ = {
			isa = XCBuildConfiguration;
			buildSettings = {
				ASSETCATALOG_COMPILER_APPICON_NAME = AppIcon;
				ASSETCATALOG_COMPILER_GLOBAL_ACCENT_COLOR_NAME = AccentColor;
				CODE_SIGN_STYLE = Automatic;
				CURRENT_PROJECT_VERSION = 1;
				GENERATE_INFOPLIST_FILE = YES;
				INFOPLIST_FILE = "tutoring app/Info.plist";
				INFOPLIST_KEY_UIApplicationSupportsIndirectInputEvents = YES;
				INFOPLIST_KEY_UILaunchStoryboardName = LaunchScreen;
				INFOPLIST_KEY_UIMainStoryboardFile = Main;
				INFOPLIST_KEY_UISupportedInterfaceOrientations_iPad = "UIInterfaceOrientationPortrait UIInterfaceOrientationPortraitUpsideDown UIInterfaceOrientationLandscapeLeft UIInterfaceOrientationLandscapeRight";
				INFOPLIST_KEY_UISupportedInterfaceOrientations_iPhone = "UIInterfaceOrientationPortrait UIInterfaceOrientationLandscapeLeft UIInterfaceOrientationLandscapeRight";
				LD_RUNPATH_SEARCH_PATHS = (
					"$(inherited)",
					"@executable_path/Frameworks",
				);
				MARKETING_VERSION = 1.0;
				PRODUCT_BUNDLE_IDENTIFIER = "TheSolo.tutoring-app";
				PRODUCT_NAME = "$(TARGET_NAME)";
				SWIFT_EMIT_LOC_STRINGS = YES;
				SWIFT_VERSION = 5.0;
				TARGETED_DEVICE_FAMILY = "1,2";
			};
			name = Release;
		};
		A624C20A28C8E99F0092F1C6 /* Debug */ = {
			isa = XCBuildConfiguration;
			buildSettings = {
				ALWAYS_EMBED_SWIFT_STANDARD_LIBRARIES = YES;
				BUNDLE_LOADER = "$(TEST_HOST)";
				CODE_SIGN_STYLE = Automatic;
				CURRENT_PROJECT_VERSION = 1;
				GENERATE_INFOPLIST_FILE = YES;
				IPHONEOS_DEPLOYMENT_TARGET = 15.5;
				MARKETING_VERSION = 1.0;
				PRODUCT_BUNDLE_IDENTIFIER = "TheSolo.tutoring-appTests";
				PRODUCT_NAME = "$(TARGET_NAME)";
				SWIFT_EMIT_LOC_STRINGS = NO;
				SWIFT_VERSION = 5.0;
				TARGETED_DEVICE_FAMILY = "1,2";
				TEST_HOST = "$(BUILT_PRODUCTS_DIR)/tutoring app.app/tutoring app";
			};
			name = Debug;
		};
		A624C20B28C8E99F0092F1C6 /* Release */ = {
			isa = XCBuildConfiguration;
			buildSettings = {
				ALWAYS_EMBED_SWIFT_STANDARD_LIBRARIES = YES;
				BUNDLE_LOADER = "$(TEST_HOST)";
				CODE_SIGN_STYLE = Automatic;
				CURRENT_PROJECT_VERSION = 1;
				GENERATE_INFOPLIST_FILE = YES;
				IPHONEOS_DEPLOYMENT_TARGET = 15.5;
				MARKETING_VERSION = 1.0;
				PRODUCT_BUNDLE_IDENTIFIER = "TheSolo.tutoring-appTests";
				PRODUCT_NAME = "$(TARGET_NAME)";
				SWIFT_EMIT_LOC_STRINGS = NO;
				SWIFT_VERSION = 5.0;
				TARGETED_DEVICE_FAMILY = "1,2";
				TEST_HOST = "$(BUILT_PRODUCTS_DIR)/tutoring app.app/tutoring app";
			};
			name = Release;
		};
		A624C20D28C8E99F0092F1C6 /* Debug */ = {
			isa = XCBuildConfiguration;
			buildSettings = {
				ALWAYS_EMBED_SWIFT_STANDARD_LIBRARIES = YES;
				CODE_SIGN_STYLE = Automatic;
				CURRENT_PROJECT_VERSION = 1;
				GENERATE_INFOPLIST_FILE = YES;
				MARKETING_VERSION = 1.0;
				PRODUCT_BUNDLE_IDENTIFIER = "TheSolo.tutoring-appUITests";
				PRODUCT_NAME = "$(TARGET_NAME)";
				SWIFT_EMIT_LOC_STRINGS = NO;
				SWIFT_VERSION = 5.0;
				TARGETED_DEVICE_FAMILY = "1,2";
				TEST_TARGET_NAME = "tutoring app";
			};
			name = Debug;
		};
		A624C20E28C8E99F0092F1C6 /* Release */ = {
			isa = XCBuildConfiguration;
			buildSettings = {
				ALWAYS_EMBED_SWIFT_STANDARD_LIBRARIES = YES;
				CODE_SIGN_STYLE = Automatic;
				CURRENT_PROJECT_VERSION = 1;
				GENERATE_INFOPLIST_FILE = YES;
				MARKETING_VERSION = 1.0;
				PRODUCT_BUNDLE_IDENTIFIER = "TheSolo.tutoring-appUITests";
				PRODUCT_NAME = "$(TARGET_NAME)";
				SWIFT_EMIT_LOC_STRINGS = NO;
				SWIFT_VERSION = 5.0;
				TARGETED_DEVICE_FAMILY = "1,2";
				TEST_TARGET_NAME = "tutoring app";
			};
			name = Release;
		};
/* End XCBuildConfiguration section */

/* Begin XCConfigurationList section */
		A624C1D428C8E99E0092F1C6 /* Build configuration list for PBXProject "tutoring app" */ = {
			isa = XCConfigurationList;
			buildConfigurations = (
				A624C20428C8E99F0092F1C6 /* Debug */,
				A624C20528C8E99F0092F1C6 /* Release */,
			);
			defaultConfigurationIsVisible = 0;
			defaultConfigurationName = Release;
		};
		A624C20628C8E99F0092F1C6 /* Build configuration list for PBXNativeTarget "tutoring app" */ = {
			isa = XCConfigurationList;
			buildConfigurations = (
				A624C20728C8E99F0092F1C6 /* Debug */,
				A624C20828C8E99F0092F1C6 /* Release */,
			);
			defaultConfigurationIsVisible = 0;
			defaultConfigurationName = Release;
		};
		A624C20928C8E99F0092F1C6 /* Build configuration list for PBXNativeTarget "tutoring appTests" */ = {
			isa = XCConfigurationList;
			buildConfigurations = (
				A624C20A28C8E99F0092F1C6 /* Debug */,
				A624C20B28C8E99F0092F1C6 /* Release */,
			);
			defaultConfigurationIsVisible = 0;
			defaultConfigurationName = Release;
		};
		A624C20C28C8E99F0092F1C6 /* Build configuration list for PBXNativeTarget "tutoring appUITests" */ = {
			isa = XCConfigurationList;
			buildConfigurations = (
				A624C20D28C8E99F0092F1C6 /* Debug */,
				A624C20E28C8E99F0092F1C6 /* Release */,
			);
			defaultConfigurationIsVisible = 0;
			defaultConfigurationName = Release;
		};
/* End XCConfigurationList section */

/* Begin XCVersionGroup section */
		A624C1E528C8E99E0092F1C6 /* tutoring_app.xcdatamodeld */ = {
			isa = XCVersionGroup;
			children = (
				A624C1E628C8E99E0092F1C6 /* tutoring_app.xcdatamodel */,
			);
			currentVersion = A624C1E628C8E99E0092F1C6 /* tutoring_app.xcdatamodel */;
			path = tutoring_app.xcdatamodeld;
			sourceTree = "<group>";
			versionGroupType = wrapper.xcdatamodel;
		};
/* End XCVersionGroup section */
	};
	rootObject = A624C1D128C8E99E0092F1C6 /* Project object */;
}
