// !$*UTF8*$!
{
	archiveVersion = 1;
	classes = {
	};
	objectVersion = 55;
	objects = {

/* Begin PBXBuildFile section */
		A624C1DD28C8E99E0092F1C6 /* AppDelegate.swift in Sources */ = {isa = PBXBuildFile; fileRef = A624C1DC28C8E99E0092F1C6 /* AppDelegate.swift */; };
		A624C1DF28C8E99E0092F1C6 /* SceneDelegate.swift in Sources */ = {isa = PBXBuildFile; fileRef = A624C1DE28C8E99E0092F1C6 /* SceneDelegate.swift */; };
		A624C1E128C8E99E0092F1C6 /* ViewController.swift in Sources */ = {isa = PBXBuildFile; fileRef = A624C1E028C8E99E0092F1C6 /* ViewController.swift */; };
		A624C1E428C8E99E0092F1C6 /* Main.storyboard in Resources */ = {isa = PBXBuildFile; fileRef = A624C1E228C8E99E0092F1C6 /* Main.storyboard */; };
		A624C1E728C8E99E0092F1C6 /* tutoring_app.xcdatamodeld in Sources */ = {isa = PBXBuildFile; fileRef = A624C1E528C8E99E0092F1C6 /* tutoring_app.xcdatamodeld */; };
		A624C1E928C8E99F0092F1C6 /* Assets.xcassets in Resources */ = {isa = PBXBuildFile; fileRef = A624C1E828C8E99F0092F1C6 /* Assets.xcassets */; };
		A624C1EC28C8E99F0092F1C6 /* LaunchScreen.storyboard in Resources */ = {isa = PBXBuildFile; fileRef = A624C1EA28C8E99F0092F1C6 /* LaunchScreen.storyboard */; };
		A624C1F728C8E99F0092F1C6 /* tutoring_appTests.swift in Sources */ = {isa = PBXBuildFile; fileRef = A624C1F628C8E99F0092F1C6 /* tutoring_appTests.swift */; };
		A624C20128C8E99F0092F1C6 /* tutoring_appUITests.swift in Sources */ = {isa = PBXBuildFile; fileRef = A624C20028C8E99F0092F1C6 /* tutoring_appUITests.swift */; };
		A624C20328C8E99F0092F1C6 /* tutoring_appUITestsLaunchTests.swift in Sources */ = {isa = PBXBuildFile; fileRef = A624C20228C8E99F0092F1C6 /* tutoring_appUITestsLaunchTests.swift */; };
		A659E3F128D8CD3D00DD7CE2 /* GoogleService-Info.plist in Resources */ = {isa = PBXBuildFile; fileRef = A659E3F028D8CD3D00DD7CE2 /* GoogleService-Info.plist */; };
		A659E3F428D8CDC900DD7CE2 /* FirebaseAnalytics in Frameworks */ = {isa = PBXBuildFile; productRef = A659E3F328D8CDC900DD7CE2 /* FirebaseAnalytics */; };
		A659E3F628D8CDC900DD7CE2 /* FirebaseAnalyticsOnDeviceConversion in Frameworks */ = {isa = PBXBuildFile; productRef = A659E3F528D8CDC900DD7CE2 /* FirebaseAnalyticsOnDeviceConversion */; };
		A659E3F828D8CDC900DD7CE2 /* FirebaseAnalyticsSwift in Frameworks */ = {isa = PBXBuildFile; productRef = A659E3F728D8CDC900DD7CE2 /* FirebaseAnalyticsSwift */; };
		A659E3FA28D8CDC900DD7CE2 /* FirebaseAnalyticsWithoutAdIdSupport in Frameworks */ = {isa = PBXBuildFile; productRef = A659E3F928D8CDC900DD7CE2 /* FirebaseAnalyticsWithoutAdIdSupport */; };
		A659E3FC28D8CDC900DD7CE2 /* FirebaseAppCheck in Frameworks */ = {isa = PBXBuildFile; productRef = A659E3FB28D8CDC900DD7CE2 /* FirebaseAppCheck */; };
		A659E3FE28D8CDC900DD7CE2 /* FirebaseAppDistribution-Beta in Frameworks */ = {isa = PBXBuildFile; productRef = A659E3FD28D8CDC900DD7CE2 /* FirebaseAppDistribution-Beta */; };
		A659E40028D8CDC900DD7CE2 /* FirebaseAuth in Frameworks */ = {isa = PBXBuildFile; productRef = A659E3FF28D8CDC900DD7CE2 /* FirebaseAuth */; };
		A659E40228D8CDC900DD7CE2 /* FirebaseAuthCombine-Community in Frameworks */ = {isa = PBXBuildFile; productRef = A659E40128D8CDC900DD7CE2 /* FirebaseAuthCombine-Community */; };
		A659E40428D8CDC900DD7CE2 /* FirebaseCrashlytics in Frameworks */ = {isa = PBXBuildFile; productRef = A659E40328D8CDC900DD7CE2 /* FirebaseCrashlytics */; };
		A659E40628D8CDC900DD7CE2 /* FirebaseDatabase in Frameworks */ = {isa = PBXBuildFile; productRef = A659E40528D8CDC900DD7CE2 /* FirebaseDatabase */; };
		A659E40828D8CDC900DD7CE2 /* FirebaseDatabaseSwift in Frameworks */ = {isa = PBXBuildFile; productRef = A659E40728D8CDC900DD7CE2 /* FirebaseDatabaseSwift */; };
		A659E40A28D8CDC900DD7CE2 /* FirebaseDynamicLinks in Frameworks */ = {isa = PBXBuildFile; productRef = A659E40928D8CDC900DD7CE2 /* FirebaseDynamicLinks */; };
		A659E40C28D8CDC900DD7CE2 /* FirebaseFirestore in Frameworks */ = {isa = PBXBuildFile; productRef = A659E40B28D8CDC900DD7CE2 /* FirebaseFirestore */; };
		A659E40E28D8CDC900DD7CE2 /* FirebaseFirestoreCombine-Community in Frameworks */ = {isa = PBXBuildFile; productRef = A659E40D28D8CDC900DD7CE2 /* FirebaseFirestoreCombine-Community */; };
		A659E41028D8CDC900DD7CE2 /* FirebaseFirestoreSwift in Frameworks */ = {isa = PBXBuildFile; productRef = A659E40F28D8CDC900DD7CE2 /* FirebaseFirestoreSwift */; };
		A659E41228D8CDC900DD7CE2 /* FirebaseFunctions in Frameworks */ = {isa = PBXBuildFile; productRef = A659E41128D8CDC900DD7CE2 /* FirebaseFunctions */; };
		A659E41428D8CDC900DD7CE2 /* FirebaseFunctionsCombine-Community in Frameworks */ = {isa = PBXBuildFile; productRef = A659E41328D8CDC900DD7CE2 /* FirebaseFunctionsCombine-Community */; };
		A659E41628D8CDC900DD7CE2 /* FirebaseInAppMessaging-Beta in Frameworks */ = {isa = PBXBuildFile; productRef = A659E41528D8CDC900DD7CE2 /* FirebaseInAppMessaging-Beta */; };
		A659E41828D8CDC900DD7CE2 /* FirebaseInAppMessagingSwift-Beta in Frameworks */ = {isa = PBXBuildFile; productRef = A659E41728D8CDC900DD7CE2 /* FirebaseInAppMessagingSwift-Beta */; };
		A659E41A28D8CDC900DD7CE2 /* FirebaseInstallations in Frameworks */ = {isa = PBXBuildFile; productRef = A659E41928D8CDC900DD7CE2 /* FirebaseInstallations */; };
		A659E41C28D8CDC900DD7CE2 /* FirebaseMLModelDownloader in Frameworks */ = {isa = PBXBuildFile; productRef = A659E41B28D8CDC900DD7CE2 /* FirebaseMLModelDownloader */; };
		A659E41E28D8CDC900DD7CE2 /* FirebaseMessaging in Frameworks */ = {isa = PBXBuildFile; productRef = A659E41D28D8CDC900DD7CE2 /* FirebaseMessaging */; };
		A659E42028D8CDC900DD7CE2 /* FirebasePerformance in Frameworks */ = {isa = PBXBuildFile; productRef = A659E41F28D8CDC900DD7CE2 /* FirebasePerformance */; };
		A659E42228D8CDC900DD7CE2 /* FirebaseRemoteConfig in Frameworks */ = {isa = PBXBuildFile; productRef = A659E42128D8CDC900DD7CE2 /* FirebaseRemoteConfig */; };
		A659E42428D8CDC900DD7CE2 /* FirebaseRemoteConfigSwift in Frameworks */ = {isa = PBXBuildFile; productRef = A659E42328D8CDC900DD7CE2 /* FirebaseRemoteConfigSwift */; };
		A659E42628D8CDC900DD7CE2 /* FirebaseStorage in Frameworks */ = {isa = PBXBuildFile; productRef = A659E42528D8CDC900DD7CE2 /* FirebaseStorage */; };
		A659E42828D8CDC900DD7CE2 /* FirebaseStorageCombine-Community in Frameworks */ = {isa = PBXBuildFile; productRef = A659E42728D8CDC900DD7CE2 /* FirebaseStorageCombine-Community */; };
/* End PBXBuildFile section */

/* Begin PBXContainerItemProxy section */
		A624C1F328C8E99F0092F1C6 /* PBXContainerItemProxy */ = {
			isa = PBXContainerItemProxy;
			containerPortal = A624C1D128C8E99E0092F1C6 /* Project object */;
			proxyType = 1;
			remoteGlobalIDString = A624C1D828C8E99E0092F1C6;
			remoteInfo = "tutoring app";
		};
		A624C1FD28C8E99F0092F1C6 /* PBXContainerItemProxy */ = {
			isa = PBXContainerItemProxy;
			containerPortal = A624C1D128C8E99E0092F1C6 /* Project object */;
			proxyType = 1;
			remoteGlobalIDString = A624C1D828C8E99E0092F1C6;
			remoteInfo = "tutoring app";
		};
/* End PBXContainerItemProxy section */

/* Begin PBXFileReference section */
		A624C1D928C8E99E0092F1C6 /* tutoring app.app */ = {isa = PBXFileReference; explicitFileType = wrapper.application; includeInIndex = 0; path = "tutoring app.app"; sourceTree = BUILT_PRODUCTS_DIR; };
		A624C1DC28C8E99E0092F1C6 /* AppDelegate.swift */ = {isa = PBXFileReference; lastKnownFileType = sourcecode.swift; path = AppDelegate.swift; sourceTree = "<group>"; };
		A624C1DE28C8E99E0092F1C6 /* SceneDelegate.swift */ = {isa = PBXFileReference; lastKnownFileType = sourcecode.swift; path = SceneDelegate.swift; sourceTree = "<group>"; };
		A624C1E028C8E99E0092F1C6 /* ViewController.swift */ = {isa = PBXFileReference; lastKnownFileType = sourcecode.swift; path = ViewController.swift; sourceTree = "<group>"; };
		A624C1E328C8E99E0092F1C6 /* Base */ = {isa = PBXFileReference; lastKnownFileType = file.storyboard; name = Base; path = Base.lproj/Main.storyboard; sourceTree = "<group>"; };
		A624C1E628C8E99E0092F1C6 /* tutoring_app.xcdatamodel */ = {isa = PBXFileReference; lastKnownFileType = wrapper.xcdatamodel; path = tutoring_app.xcdatamodel; sourceTree = "<group>"; };
		A624C1E828C8E99F0092F1C6 /* Assets.xcassets */ = {isa = PBXFileReference; lastKnownFileType = folder.assetcatalog; path = Assets.xcassets; sourceTree = "<group>"; };
		A624C1EB28C8E99F0092F1C6 /* Base */ = {isa = PBXFileReference; lastKnownFileType = file.storyboard; name = Base; path = Base.lproj/LaunchScreen.storyboard; sourceTree = "<group>"; };
		A624C1ED28C8E99F0092F1C6 /* Info.plist */ = {isa = PBXFileReference; lastKnownFileType = text.plist.xml; path = Info.plist; sourceTree = "<group>"; };
		A624C1F228C8E99F0092F1C6 /* tutoring appTests.xctest */ = {isa = PBXFileReference; explicitFileType = wrapper.cfbundle; includeInIndex = 0; path = "tutoring appTests.xctest"; sourceTree = BUILT_PRODUCTS_DIR; };
		A624C1F628C8E99F0092F1C6 /* tutoring_appTests.swift */ = {isa = PBXFileReference; lastKnownFileType = sourcecode.swift; path = tutoring_appTests.swift; sourceTree = "<group>"; };
		A624C1FC28C8E99F0092F1C6 /* tutoring appUITests.xctest */ = {isa = PBXFileReference; explicitFileType = wrapper.cfbundle; includeInIndex = 0; path = "tutoring appUITests.xctest"; sourceTree = BUILT_PRODUCTS_DIR; };
		A624C20028C8E99F0092F1C6 /* tutoring_appUITests.swift */ = {isa = PBXFileReference; lastKnownFileType = sourcecode.swift; path = tutoring_appUITests.swift; sourceTree = "<group>"; };
		A624C20228C8E99F0092F1C6 /* tutoring_appUITestsLaunchTests.swift */ = {isa = PBXFileReference; lastKnownFileType = sourcecode.swift; path = tutoring_appUITestsLaunchTests.swift; sourceTree = "<group>"; };
		A659E3F028D8CD3D00DD7CE2 /* GoogleService-Info.plist */ = {isa = PBXFileReference; fileEncoding = 4; lastKnownFileType = text.plist.xml; name = "GoogleService-Info.plist"; path = "../../../../Downloads/GoogleService-Info.plist"; sourceTree = "<group>"; };
/* End PBXFileReference section */

/* Begin PBXFrameworksBuildPhase section */
		A624C1D628C8E99E0092F1C6 /* Frameworks */ = {
			isa = PBXFrameworksBuildPhase;
			buildActionMask = 2147483647;
			files = (
				A659E40628D8CDC900DD7CE2 /* FirebaseDatabase in Frameworks */,
				A659E41428D8CDC900DD7CE2 /* FirebaseFunctionsCombine-Community in Frameworks */,
				A659E40C28D8CDC900DD7CE2 /* FirebaseFirestore in Frameworks */,
				A659E3F828D8CDC900DD7CE2 /* FirebaseAnalyticsSwift in Frameworks */,
				A659E3F428D8CDC900DD7CE2 /* FirebaseAnalytics in Frameworks */,
				A659E3F628D8CDC900DD7CE2 /* FirebaseAnalyticsOnDeviceConversion in Frameworks */,
				A659E41C28D8CDC900DD7CE2 /* FirebaseMLModelDownloader in Frameworks */,
				A659E41028D8CDC900DD7CE2 /* FirebaseFirestoreSwift in Frameworks */,
				A659E3FC28D8CDC900DD7CE2 /* FirebaseAppCheck in Frameworks */,
				A659E3FA28D8CDC900DD7CE2 /* FirebaseAnalyticsWithoutAdIdSupport in Frameworks */,
				A659E40028D8CDC900DD7CE2 /* FirebaseAuth in Frameworks */,
				A659E40428D8CDC900DD7CE2 /* FirebaseCrashlytics in Frameworks */,
				A659E42428D8CDC900DD7CE2 /* FirebaseRemoteConfigSwift in Frameworks */,
				A659E41628D8CDC900DD7CE2 /* FirebaseInAppMessaging-Beta in Frameworks */,
				A659E40828D8CDC900DD7CE2 /* FirebaseDatabaseSwift in Frameworks */,
				A659E41228D8CDC900DD7CE2 /* FirebaseFunctions in Frameworks */,
				A659E42828D8CDC900DD7CE2 /* FirebaseStorageCombine-Community in Frameworks */,
				A659E42228D8CDC900DD7CE2 /* FirebaseRemoteConfig in Frameworks */,
				A659E3FE28D8CDC900DD7CE2 /* FirebaseAppDistribution-Beta in Frameworks */,
				A659E40228D8CDC900DD7CE2 /* FirebaseAuthCombine-Community in Frameworks */,
				A659E42028D8CDC900DD7CE2 /* FirebasePerformance in Frameworks */,
				A659E41828D8CDC900DD7CE2 /* FirebaseInAppMessagingSwift-Beta in Frameworks */,
				A659E42628D8CDC900DD7CE2 /* FirebaseStorage in Frameworks */,
				A659E40A28D8CDC900DD7CE2 /* FirebaseDynamicLinks in Frameworks */,
				A659E40E28D8CDC900DD7CE2 /* FirebaseFirestoreCombine-Community in Frameworks */,
				A659E41E28D8CDC900DD7CE2 /* FirebaseMessaging in Frameworks */,
				A659E41A28D8CDC900DD7CE2 /* FirebaseInstallations in Frameworks */,
			);
			runOnlyForDeploymentPostprocessing = 0;
		};
		A624C1EF28C8E99F0092F1C6 /* Frameworks */ = {
			isa = PBXFrameworksBuildPhase;
			buildActionMask = 2147483647;
			files = (
			);
			runOnlyForDeploymentPostprocessing = 0;
		};
		A624C1F928C8E99F0092F1C6 /* Frameworks */ = {
			isa = PBXFrameworksBuildPhase;
			buildActionMask = 2147483647;
			files = (
			);
			runOnlyForDeploymentPostprocessing = 0;
		};
/* End PBXFrameworksBuildPhase section */

/* Begin PBXGroup section */
		A624C1D028C8E99E0092F1C6 = {
			isa = PBXGroup;
			children = (
				A624C1DB28C8E99E0092F1C6 /* tutoring app */,
				A624C1F528C8E99F0092F1C6 /* tutoring appTests */,
				A624C1FF28C8E99F0092F1C6 /* tutoring appUITests */,
				A624C1DA28C8E99E0092F1C6 /* Products */,
			);
			sourceTree = "<group>";
		};
		A624C1DA28C8E99E0092F1C6 /* Products */ = {
			isa = PBXGroup;
			children = (
				A624C1D928C8E99E0092F1C6 /* tutoring app.app */,
				A624C1F228C8E99F0092F1C6 /* tutoring appTests.xctest */,
				A624C1FC28C8E99F0092F1C6 /* tutoring appUITests.xctest */,
			);
			name = Products;
			sourceTree = "<group>";
		};
		A624C1DB28C8E99E0092F1C6 /* tutoring app */ = {
			isa = PBXGroup;
			children = (
				A624C1DC28C8E99E0092F1C6 /* AppDelegate.swift */,
				A624C1DE28C8E99E0092F1C6 /* SceneDelegate.swift */,
				A624C1E028C8E99E0092F1C6 /* ViewController.swift */,
				A624C1E228C8E99E0092F1C6 /* Main.storyboard */,
				A624C1E828C8E99F0092F1C6 /* Assets.xcassets */,
				A624C1EA28C8E99F0092F1C6 /* LaunchScreen.storyboard */,
				A624C1ED28C8E99F0092F1C6 /* Info.plist */,
				A624C1E528C8E99E0092F1C6 /* tutoring_app.xcdatamodeld */,
				A659E3F028D8CD3D00DD7CE2 /* GoogleService-Info.plist */,
			);
			path = "tutoring app";
			sourceTree = "<group>";
		};
		A624C1F528C8E99F0092F1C6 /* tutoring appTests */ = {
			isa = PBXGroup;
			children = (
				A624C1F628C8E99F0092F1C6 /* tutoring_appTests.swift */,
			);
			path = "tutoring appTests";
			sourceTree = "<group>";
		};
		A624C1FF28C8E99F0092F1C6 /* tutoring appUITests */ = {
			isa = PBXGroup;
			children = (
				A624C20028C8E99F0092F1C6 /* tutoring_appUITests.swift */,
				A624C20228C8E99F0092F1C6 /* tutoring_appUITestsLaunchTests.swift */,
			);
			path = "tutoring appUITests";
			sourceTree = "<group>";
		};
/* End PBXGroup section */

/* Begin PBXNativeTarget section */
		A624C1D828C8E99E0092F1C6 /* tutoring app */ = {
			isa = PBXNativeTarget;
			buildConfigurationList = A624C20628C8E99F0092F1C6 /* Build configuration list for PBXNativeTarget "tutoring app" */;
			buildPhases = (
				A624C1D528C8E99E0092F1C6 /* Sources */,
				A624C1D628C8E99E0092F1C6 /* Frameworks */,
				A624C1D728C8E99E0092F1C6 /* Resources */,
			);
			buildRules = (
			);
			dependencies = (
			);
			name = "tutoring app";
			packageProductDependencies = (
				A659E3F328D8CDC900DD7CE2 /* FirebaseAnalytics */,
				A659E3F528D8CDC900DD7CE2 /* FirebaseAnalyticsOnDeviceConversion */,
				A659E3F728D8CDC900DD7CE2 /* FirebaseAnalyticsSwift */,
				A659E3F928D8CDC900DD7CE2 /* FirebaseAnalyticsWithoutAdIdSupport */,
				A659E3FB28D8CDC900DD7CE2 /* FirebaseAppCheck */,
				A659E3FD28D8CDC900DD7CE2 /* FirebaseAppDistribution-Beta */,
				A659E3FF28D8CDC900DD7CE2 /* FirebaseAuth */,
				A659E40128D8CDC900DD7CE2 /* FirebaseAuthCombine-Community */,
				A659E40328D8CDC900DD7CE2 /* FirebaseCrashlytics */,
				A659E40528D8CDC900DD7CE2 /* FirebaseDatabase */,
				A659E40728D8CDC900DD7CE2 /* FirebaseDatabaseSwift */,
				A659E40928D8CDC900DD7CE2 /* FirebaseDynamicLinks */,
				A659E40B28D8CDC900DD7CE2 /* FirebaseFirestore */,
				A659E40D28D8CDC900DD7CE2 /* FirebaseFirestoreCombine-Community */,
				A659E40F28D8CDC900DD7CE2 /* FirebaseFirestoreSwift */,
				A659E41128D8CDC900DD7CE2 /* FirebaseFunctions */,
				A659E41328D8CDC900DD7CE2 /* FirebaseFunctionsCombine-Community */,
				A659E41528D8CDC900DD7CE2 /* FirebaseInAppMessaging-Beta */,
				A659E41728D8CDC900DD7CE2 /* FirebaseInAppMessagingSwift-Beta */,
				A659E41928D8CDC900DD7CE2 /* FirebaseInstallations */,
				A659E41B28D8CDC900DD7CE2 /* FirebaseMLModelDownloader */,
				A659E41D28D8CDC900DD7CE2 /* FirebaseMessaging */,
				A659E41F28D8CDC900DD7CE2 /* FirebasePerformance */,
				A659E42128D8CDC900DD7CE2 /* FirebaseRemoteConfig */,
				A659E42328D8CDC900DD7CE2 /* FirebaseRemoteConfigSwift */,
				A659E42528D8CDC900DD7CE2 /* FirebaseStorage */,
				A659E42728D8CDC900DD7CE2 /* FirebaseStorageCombine-Community */,
			);
			productName = "tutoring app";
			productReference = A624C1D928C8E99E0092F1C6 /* tutoring app.app */;
			productType = "com.apple.product-type.application";
		};
		A624C1F128C8E99F0092F1C6 /* tutoring appTests */ = {
			isa = PBXNativeTarget;
			buildConfigurationList = A624C20928C8E99F0092F1C6 /* Build configuration list for PBXNativeTarget "tutoring appTests" */;
			buildPhases = (
				A624C1EE28C8E99F0092F1C6 /* Sources */,
				A624C1EF28C8E99F0092F1C6 /* Frameworks */,
				A624C1F028C8E99F0092F1C6 /* Resources */,
			);
			buildRules = (
			);
			dependencies = (
				A624C1F428C8E99F0092F1C6 /* PBXTargetDependency */,
			);
			name = "tutoring appTests";
			productName = "tutoring appTests";
			productReference = A624C1F228C8E99F0092F1C6 /* tutoring appTests.xctest */;
			productType = "com.apple.product-type.bundle.unit-test";
		};
		A624C1FB28C8E99F0092F1C6 /* tutoring appUITests */ = {
			isa = PBXNativeTarget;
			buildConfigurationList = A624C20C28C8E99F0092F1C6 /* Build configuration list for PBXNativeTarget "tutoring appUITests" */;
			buildPhases = (
				A624C1F828C8E99F0092F1C6 /* Sources */,
				A624C1F928C8E99F0092F1C6 /* Frameworks */,
				A624C1FA28C8E99F0092F1C6 /* Resources */,
			);
			buildRules = (
			);
			dependencies = (
				A624C1FE28C8E99F0092F1C6 /* PBXTargetDependency */,
			);
			name = "tutoring appUITests";
			productName = "tutoring appUITests";
			productReference = A624C1FC28C8E99F0092F1C6 /* tutoring appUITests.xctest */;
			productType = "com.apple.product-type.bundle.ui-testing";
		};
/* End PBXNativeTarget section */

/* Begin PBXProject section */
		A624C1D128C8E99E0092F1C6 /* Project object */ = {
			isa = PBXProject;
			attributes = {
				BuildIndependentTargetsInParallel = 1;
				LastSwiftUpdateCheck = 1340;
				LastUpgradeCheck = 1340;
				TargetAttributes = {
					A624C1D828C8E99E0092F1C6 = {
						CreatedOnToolsVersion = 13.4.1;
					};
					A624C1F128C8E99F0092F1C6 = {
						CreatedOnToolsVersion = 13.4.1;
						TestTargetID = A624C1D828C8E99E0092F1C6;
					};
					A624C1FB28C8E99F0092F1C6 = {
						CreatedOnToolsVersion = 13.4.1;
						TestTargetID = A624C1D828C8E99E0092F1C6;
					};
				};
			};
			buildConfigurationList = A624C1D428C8E99E0092F1C6 /* Build configuration list for PBXProject "tutoring app" */;
			compatibilityVersion = "Xcode 13.0";
			developmentRegion = en;
			hasScannedForEncodings = 0;
			knownRegions = (
				en,
				Base,
			);
			mainGroup = A624C1D028C8E99E0092F1C6;
			packageReferences = (
				A659E3F228D8CDC900DD7CE2 /* XCRemoteSwiftPackageReference "firebase-ios-sdk" */,
			);
			productRefGroup = A624C1DA28C8E99E0092F1C6 /* Products */;
			projectDirPath = "";
			projectRoot = "";
			targets = (
				A624C1D828C8E99E0092F1C6 /* tutoring app */,
				A624C1F128C8E99F0092F1C6 /* tutoring appTests */,
				A624C1FB28C8E99F0092F1C6 /* tutoring appUITests */,
			);
		};
/* End PBXProject section */

/* Begin PBXResourcesBuildPhase section */
		A624C1D728C8E99E0092F1C6 /* Resources */ = {
			isa = PBXResourcesBuildPhase;
			buildActionMask = 2147483647;
			files = (
				A624C1EC28C8E99F0092F1C6 /* LaunchScreen.storyboard in Resources */,
				A659E3F128D8CD3D00DD7CE2 /* GoogleService-Info.plist in Resources */,
				A624C1E928C8E99F0092F1C6 /* Assets.xcassets in Resources */,
				A624C1E428C8E99E0092F1C6 /* Main.storyboard in Resources */,
			);
			runOnlyForDeploymentPostprocessing = 0;
		};
		A624C1F028C8E99F0092F1C6 /* Resources */ = {
			isa = PBXResourcesBuildPhase;
			buildActionMask = 2147483647;
			files = (
			);
			runOnlyForDeploymentPostprocessing = 0;
		};
		A624C1FA28C8E99F0092F1C6 /* Resources */ = {
			isa = PBXResourcesBuildPhase;
			buildActionMask = 2147483647;
			files = (
			);
			runOnlyForDeploymentPostprocessing = 0;
		};
/* End PBXResourcesBuildPhase section */

/* Begin PBXSourcesBuildPhase section */
		A624C1D528C8E99E0092F1C6 /* Sources */ = {
			isa = PBXSourcesBuildPhase;
			buildActionMask = 2147483647;
			files = (
				A624C1E128C8E99E0092F1C6 /* ViewController.swift in Sources */,
				A624C1E728C8E99E0092F1C6 /* tutoring_app.xcdatamodeld in Sources */,
				A624C1DD28C8E99E0092F1C6 /* AppDelegate.swift in Sources */,
				A624C1DF28C8E99E0092F1C6 /* SceneDelegate.swift in Sources */,
			);
			runOnlyForDeploymentPostprocessing = 0;
		};
		A624C1EE28C8E99F0092F1C6 /* Sources */ = {
			isa = PBXSourcesBuildPhase;
			buildActionMask = 2147483647;
			files = (
				A624C1F728C8E99F0092F1C6 /* tutoring_appTests.swift in Sources */,
			);
			runOnlyForDeploymentPostprocessing = 0;
		};
		A624C1F828C8E99F0092F1C6 /* Sources */ = {
			isa = PBXSourcesBuildPhase;
			buildActionMask = 2147483647;
			files = (
				A624C20328C8E99F0092F1C6 /* tutoring_appUITestsLaunchTests.swift in Sources */,
				A624C20128C8E99F0092F1C6 /* tutoring_appUITests.swift in Sources */,
			);
			runOnlyForDeploymentPostprocessing = 0;
		};
/* End PBXSourcesBuildPhase section */

/* Begin PBXTargetDependency section */
		A624C1F428C8E99F0092F1C6 /* PBXTargetDependency */ = {
			isa = PBXTargetDependency;
			target = A624C1D828C8E99E0092F1C6 /* tutoring app */;
			targetProxy = A624C1F328C8E99F0092F1C6 /* PBXContainerItemProxy */;
		};
		A624C1FE28C8E99F0092F1C6 /* PBXTargetDependency */ = {
			isa = PBXTargetDependency;
			target = A624C1D828C8E99E0092F1C6 /* tutoring app */;
			targetProxy = A624C1FD28C8E99F0092F1C6 /* PBXContainerItemProxy */;
		};
/* End PBXTargetDependency section */

/* Begin PBXVariantGroup section */
		A624C1E228C8E99E0092F1C6 /* Main.storyboard */ = {
			isa = PBXVariantGroup;
			children = (
				A624C1E328C8E99E0092F1C6 /* Base */,
			);
			name = Main.storyboard;
			sourceTree = "<group>";
		};
		A624C1EA28C8E99F0092F1C6 /* LaunchScreen.storyboard */ = {
			isa = PBXVariantGroup;
			children = (
				A624C1EB28C8E99F0092F1C6 /* Base */,
			);
			name = LaunchScreen.storyboard;
			sourceTree = "<group>";
		};
/* End PBXVariantGroup section */

/* Begin XCBuildConfiguration section */
		A624C20428C8E99F0092F1C6 /* Debug */ = {
			isa = XCBuildConfiguration;
			buildSettings = {
				ALWAYS_SEARCH_USER_PATHS = NO;
				CLANG_ANALYZER_NONNULL = YES;
				CLANG_ANALYZER_NUMBER_OBJECT_CONVERSION = YES_AGGRESSIVE;
				CLANG_CXX_LANGUAGE_STANDARD = "gnu++17";
				CLANG_ENABLE_MODULES = YES;
				CLANG_ENABLE_OBJC_ARC = YES;
				CLANG_ENABLE_OBJC_WEAK = YES;
				CLANG_WARN_BLOCK_CAPTURE_AUTORELEASING = YES;
				CLANG_WARN_BOOL_CONVERSION = YES;
				CLANG_WARN_COMMA = YES;
				CLANG_WARN_CONSTANT_CONVERSION = YES;
				CLANG_WARN_DEPRECATED_OBJC_IMPLEMENTATIONS = YES;
				CLANG_WARN_DIRECT_OBJC_ISA_USAGE = YES_ERROR;
				CLANG_WARN_DOCUMENTATION_COMMENTS = YES;
				CLANG_WARN_EMPTY_BODY = YES;
				CLANG_WARN_ENUM_CONVERSION = YES;
				CLANG_WARN_INFINITE_RECURSION = YES;
				CLANG_WARN_INT_CONVERSION = YES;
				CLANG_WARN_NON_LITERAL_NULL_CONVERSION = YES;
				CLANG_WARN_OBJC_IMPLICIT_RETAIN_SELF = YES;
				CLANG_WARN_OBJC_LITERAL_CONVERSION = YES;
				CLANG_WARN_OBJC_ROOT_CLASS = YES_ERROR;
				CLANG_WARN_QUOTED_INCLUDE_IN_FRAMEWORK_HEADER = YES;
				CLANG_WARN_RANGE_LOOP_ANALYSIS = YES;
				CLANG_WARN_STRICT_PROTOTYPES = YES;
				CLANG_WARN_SUSPICIOUS_MOVE = YES;
				CLANG_WARN_UNGUARDED_AVAILABILITY = YES_AGGRESSIVE;
				CLANG_WARN_UNREACHABLE_CODE = YES;
				CLANG_WARN__DUPLICATE_METHOD_MATCH = YES;
				COPY_PHASE_STRIP = NO;
				DEBUG_INFORMATION_FORMAT = dwarf;
				ENABLE_STRICT_OBJC_MSGSEND = YES;
				ENABLE_TESTABILITY = YES;
				GCC_C_LANGUAGE_STANDARD = gnu11;
				GCC_DYNAMIC_NO_PIC = NO;
				GCC_NO_COMMON_BLOCKS = YES;
				GCC_OPTIMIZATION_LEVEL = 0;
				GCC_PREPROCESSOR_DEFINITIONS = (
					"DEBUG=1",
					"$(inherited)",
				);
				GCC_WARN_64_TO_32_BIT_CONVERSION = YES;
				GCC_WARN_ABOUT_RETURN_TYPE = YES_ERROR;
				GCC_WARN_UNDECLARED_SELECTOR = YES;
				GCC_WARN_UNINITIALIZED_AUTOS = YES_AGGRESSIVE;
				GCC_WARN_UNUSED_FUNCTION = YES;
				GCC_WARN_UNUSED_VARIABLE = YES;
				IPHONEOS_DEPLOYMENT_TARGET = 15.5;
				MTL_ENABLE_DEBUG_INFO = INCLUDE_SOURCE;
				MTL_FAST_MATH = YES;
				ONLY_ACTIVE_ARCH = YES;
				SDKROOT = iphoneos;
				SWIFT_ACTIVE_COMPILATION_CONDITIONS = DEBUG;
				SWIFT_OPTIMIZATION_LEVEL = "-Onone";
			};
			name = Debug;
		};
		A624C20528C8E99F0092F1C6 /* Release */ = {
			isa = XCBuildConfiguration;
			buildSettings = {
				ALWAYS_SEARCH_USER_PATHS = NO;
				CLANG_ANALYZER_NONNULL = YES;
				CLANG_ANALYZER_NUMBER_OBJECT_CONVERSION = YES_AGGRESSIVE;
				CLANG_CXX_LANGUAGE_STANDARD = "gnu++17";
				CLANG_ENABLE_MODULES = YES;
				CLANG_ENABLE_OBJC_ARC = YES;
				CLANG_ENABLE_OBJC_WEAK = YES;
				CLANG_WARN_BLOCK_CAPTURE_AUTORELEASING = YES;
				CLANG_WARN_BOOL_CONVERSION = YES;
				CLANG_WARN_COMMA = YES;
				CLANG_WARN_CONSTANT_CONVERSION = YES;
				CLANG_WARN_DEPRECATED_OBJC_IMPLEMENTATIONS = YES;
				CLANG_WARN_DIRECT_OBJC_ISA_USAGE = YES_ERROR;
				CLANG_WARN_DOCUMENTATION_COMMENTS = YES;
				CLANG_WARN_EMPTY_BODY = YES;
				CLANG_WARN_ENUM_CONVERSION = YES;
				CLANG_WARN_INFINITE_RECURSION = YES;
				CLANG_WARN_INT_CONVERSION = YES;
				CLANG_WARN_NON_LITERAL_NULL_CONVERSION = YES;
				CLANG_WARN_OBJC_IMPLICIT_RETAIN_SELF = YES;
				CLANG_WARN_OBJC_LITERAL_CONVERSION = YES;
				CLANG_WARN_OBJC_ROOT_CLASS = YES_ERROR;
				CLANG_WARN_QUOTED_INCLUDE_IN_FRAMEWORK_HEADER = YES;
				CLANG_WARN_RANGE_LOOP_ANALYSIS = YES;
				CLANG_WARN_STRICT_PROTOTYPES = YES;
				CLANG_WARN_SUSPICIOUS_MOVE = YES;
				CLANG_WARN_UNGUARDED_AVAILABILITY = YES_AGGRESSIVE;
				CLANG_WARN_UNREACHABLE_CODE = YES;
				CLANG_WARN__DUPLICATE_METHOD_MATCH = YES;
				COPY_PHASE_STRIP = NO;
				DEBUG_INFORMATION_FORMAT = "dwarf-with-dsym";
				ENABLE_NS_ASSERTIONS = NO;
				ENABLE_STRICT_OBJC_MSGSEND = YES;
				GCC_C_LANGUAGE_STANDARD = gnu11;
				GCC_NO_COMMON_BLOCKS = YES;
				GCC_WARN_64_TO_32_BIT_CONVERSION = YES;
				GCC_WARN_ABOUT_RETURN_TYPE = YES_ERROR;
				GCC_WARN_UNDECLARED_SELECTOR = YES;
				GCC_WARN_UNINITIALIZED_AUTOS = YES_AGGRESSIVE;
				GCC_WARN_UNUSED_FUNCTION = YES;
				GCC_WARN_UNUSED_VARIABLE = YES;
				IPHONEOS_DEPLOYMENT_TARGET = 15.5;
				MTL_ENABLE_DEBUG_INFO = NO;
				MTL_FAST_MATH = YES;
				SDKROOT = iphoneos;
				SWIFT_COMPILATION_MODE = wholemodule;
				SWIFT_OPTIMIZATION_LEVEL = "-O";
				VALIDATE_PRODUCT = YES;
			};
			name = Release;
		};
		A624C20728C8E99F0092F1C6 /* Debug */ = {
			isa = XCBuildConfiguration;
			buildSettings = {
				ASSETCATALOG_COMPILER_APPICON_NAME = AppIcon;
				ASSETCATALOG_COMPILER_GLOBAL_ACCENT_COLOR_NAME = AccentColor;
				CODE_SIGN_STYLE = Automatic;
				CURRENT_PROJECT_VERSION = 1;
				GENERATE_INFOPLIST_FILE = YES;
				INFOPLIST_FILE = "tutoring app/Info.plist";
				INFOPLIST_KEY_UIApplicationSupportsIndirectInputEvents = YES;
				INFOPLIST_KEY_UILaunchStoryboardName = LaunchScreen;
				INFOPLIST_KEY_UIMainStoryboardFile = Main;
				INFOPLIST_KEY_UISupportedInterfaceOrientations_iPad = "UIInterfaceOrientationPortrait UIInterfaceOrientationPortraitUpsideDown UIInterfaceOrientationLandscapeLeft UIInterfaceOrientationLandscapeRight";
				INFOPLIST_KEY_UISupportedInterfaceOrientations_iPhone = "UIInterfaceOrientationPortrait UIInterfaceOrientationLandscapeLeft UIInterfaceOrientationLandscapeRight";
				LD_RUNPATH_SEARCH_PATHS = (
					"$(inherited)",
					"@executable_path/Frameworks",
				);
				MARKETING_VERSION = 1.0;
				PRODUCT_BUNDLE_IDENTIFIER = "TheSolo.tutoring-app";
				PRODUCT_NAME = "$(TARGET_NAME)";
				SWIFT_EMIT_LOC_STRINGS = YES;
				SWIFT_VERSION = 5.0;
				TARGETED_DEVICE_FAMILY = "1,2";
			};
			name = Debug;
		};
		A624C20828C8E99F0092F1C6 /* Release */ = {
			isa = XCBuildConfiguration;
			buildSettings = {
				ASSETCATALOG_COMPILER_APPICON_NAME = AppIcon;
				ASSETCATALOG_COMPILER_GLOBAL_ACCENT_COLOR_NAME = AccentColor;
				CODE_SIGN_STYLE = Automatic;
				CURRENT_PROJECT_VERSION = 1;
				GENERATE_INFOPLIST_FILE = YES;
				INFOPLIST_FILE = "tutoring app/Info.plist";
				INFOPLIST_KEY_UIApplicationSupportsIndirectInputEvents = YES;
				INFOPLIST_KEY_UILaunchStoryboardName = LaunchScreen;
				INFOPLIST_KEY_UIMainStoryboardFile = Main;
				INFOPLIST_KEY_UISupportedInterfaceOrientations_iPad = "UIInterfaceOrientationPortrait UIInterfaceOrientationPortraitUpsideDown UIInterfaceOrientationLandscapeLeft UIInterfaceOrientationLandscapeRight";
				INFOPLIST_KEY_UISupportedInterfaceOrientations_iPhone = "UIInterfaceOrientationPortrait UIInterfaceOrientationLandscapeLeft UIInterfaceOrientationLandscapeRight";
				LD_RUNPATH_SEARCH_PATHS = (
					"$(inherited)",
					"@executable_path/Frameworks",
				);
				MARKETING_VERSION = 1.0;
				PRODUCT_BUNDLE_IDENTIFIER = "TheSolo.tutoring-app";
				PRODUCT_NAME = "$(TARGET_NAME)";
				SWIFT_EMIT_LOC_STRINGS = YES;
				SWIFT_VERSION = 5.0;
				TARGETED_DEVICE_FAMILY = "1,2";
			};
			name = Release;
		};
		A624C20A28C8E99F0092F1C6 /* Debug */ = {
			isa = XCBuildConfiguration;
			buildSettings = {
				ALWAYS_EMBED_SWIFT_STANDARD_LIBRARIES = YES;
				BUNDLE_LOADER = "$(TEST_HOST)";
				CODE_SIGN_STYLE = Automatic;
				CURRENT_PROJECT_VERSION = 1;
				GENERATE_INFOPLIST_FILE = YES;
				IPHONEOS_DEPLOYMENT_TARGET = 15.5;
				MARKETING_VERSION = 1.0;
				PRODUCT_BUNDLE_IDENTIFIER = "TheSolo.tutoring-appTests";
				PRODUCT_NAME = "$(TARGET_NAME)";
				SWIFT_EMIT_LOC_STRINGS = NO;
				SWIFT_VERSION = 5.0;
				TARGETED_DEVICE_FAMILY = "1,2";
				TEST_HOST = "$(BUILT_PRODUCTS_DIR)/tutoring app.app/tutoring app";
			};
			name = Debug;
		};
		A624C20B28C8E99F0092F1C6 /* Release */ = {
			isa = XCBuildConfiguration;
			buildSettings = {
				ALWAYS_EMBED_SWIFT_STANDARD_LIBRARIES = YES;
				BUNDLE_LOADER = "$(TEST_HOST)";
				CODE_SIGN_STYLE = Automatic;
				CURRENT_PROJECT_VERSION = 1;
				GENERATE_INFOPLIST_FILE = YES;
				IPHONEOS_DEPLOYMENT_TARGET = 15.5;
				MARKETING_VERSION = 1.0;
				PRODUCT_BUNDLE_IDENTIFIER = "TheSolo.tutoring-appTests";
				PRODUCT_NAME = "$(TARGET_NAME)";
				SWIFT_EMIT_LOC_STRINGS = NO;
				SWIFT_VERSION = 5.0;
				TARGETED_DEVICE_FAMILY = "1,2";
				TEST_HOST = "$(BUILT_PRODUCTS_DIR)/tutoring app.app/tutoring app";
			};
			name = Release;
		};
		A624C20D28C8E99F0092F1C6 /* Debug */ = {
			isa = XCBuildConfiguration;
			buildSettings = {
				ALWAYS_EMBED_SWIFT_STANDARD_LIBRARIES = YES;
				CODE_SIGN_STYLE = Automatic;
				CURRENT_PROJECT_VERSION = 1;
				GENERATE_INFOPLIST_FILE = YES;
				MARKETING_VERSION = 1.0;
				PRODUCT_BUNDLE_IDENTIFIER = "TheSolo.tutoring-appUITests";
				PRODUCT_NAME = "$(TARGET_NAME)";
				SWIFT_EMIT_LOC_STRINGS = NO;
				SWIFT_VERSION = 5.0;
				TARGETED_DEVICE_FAMILY = "1,2";
				TEST_TARGET_NAME = "tutoring app";
			};
			name = Debug;
		};
		A624C20E28C8E99F0092F1C6 /* Release */ = {
			isa = XCBuildConfiguration;
			buildSettings = {
				ALWAYS_EMBED_SWIFT_STANDARD_LIBRARIES = YES;
				CODE_SIGN_STYLE = Automatic;
				CURRENT_PROJECT_VERSION = 1;
				GENERATE_INFOPLIST_FILE = YES;
				MARKETING_VERSION = 1.0;
				PRODUCT_BUNDLE_IDENTIFIER = "TheSolo.tutoring-appUITests";
				PRODUCT_NAME = "$(TARGET_NAME)";
				SWIFT_EMIT_LOC_STRINGS = NO;
				SWIFT_VERSION = 5.0;
				TARGETED_DEVICE_FAMILY = "1,2";
				TEST_TARGET_NAME = "tutoring app";
			};
			name = Release;
		};
/* End XCBuildConfiguration section */

/* Begin XCConfigurationList section */
		A624C1D428C8E99E0092F1C6 /* Build configuration list for PBXProject "tutoring app" */ = {
			isa = XCConfigurationList;
			buildConfigurations = (
				A624C20428C8E99F0092F1C6 /* Debug */,
				A624C20528C8E99F0092F1C6 /* Release */,
			);
			defaultConfigurationIsVisible = 0;
			defaultConfigurationName = Release;
		};
		A624C20628C8E99F0092F1C6 /* Build configuration list for PBXNativeTarget "tutoring app" */ = {
			isa = XCConfigurationList;
			buildConfigurations = (
				A624C20728C8E99F0092F1C6 /* Debug */,
				A624C20828C8E99F0092F1C6 /* Release */,
			);
			defaultConfigurationIsVisible = 0;
			defaultConfigurationName = Release;
		};
		A624C20928C8E99F0092F1C6 /* Build configuration list for PBXNativeTarget "tutoring appTests" */ = {
			isa = XCConfigurationList;
			buildConfigurations = (
				A624C20A28C8E99F0092F1C6 /* Debug */,
				A624C20B28C8E99F0092F1C6 /* Release */,
			);
			defaultConfigurationIsVisible = 0;
			defaultConfigurationName = Release;
		};
		A624C20C28C8E99F0092F1C6 /* Build configuration list for PBXNativeTarget "tutoring appUITests" */ = {
			isa = XCConfigurationList;
			buildConfigurations = (
				A624C20D28C8E99F0092F1C6 /* Debug */,
				A624C20E28C8E99F0092F1C6 /* Release */,
			);
			defaultConfigurationIsVisible = 0;
			defaultConfigurationName = Release;
		};
/* End XCConfigurationList section */

/* Begin XCRemoteSwiftPackageReference section */
		A659E3F228D8CDC900DD7CE2 /* XCRemoteSwiftPackageReference "firebase-ios-sdk" */ = {
			isa = XCRemoteSwiftPackageReference;
			repositoryURL = "https://github.com/firebase/firebase-ios-sdk";
			requirement = {
				kind = upToNextMajorVersion;
				minimumVersion = 9.0.0;
			};
		};
/* End XCRemoteSwiftPackageReference section */

/* Begin XCSwiftPackageProductDependency section */
		A659E3F328D8CDC900DD7CE2 /* FirebaseAnalytics */ = {
			isa = XCSwiftPackageProductDependency;
			package = A659E3F228D8CDC900DD7CE2 /* XCRemoteSwiftPackageReference "firebase-ios-sdk" */;
			productName = FirebaseAnalytics;
		};
		A659E3F528D8CDC900DD7CE2 /* FirebaseAnalyticsOnDeviceConversion */ = {
			isa = XCSwiftPackageProductDependency;
			package = A659E3F228D8CDC900DD7CE2 /* XCRemoteSwiftPackageReference "firebase-ios-sdk" */;
			productName = FirebaseAnalyticsOnDeviceConversion;
		};
		A659E3F728D8CDC900DD7CE2 /* FirebaseAnalyticsSwift */ = {
			isa = XCSwiftPackageProductDependency;
			package = A659E3F228D8CDC900DD7CE2 /* XCRemoteSwiftPackageReference "firebase-ios-sdk" */;
			productName = FirebaseAnalyticsSwift;
		};
		A659E3F928D8CDC900DD7CE2 /* FirebaseAnalyticsWithoutAdIdSupport */ = {
			isa = XCSwiftPackageProductDependency;
			package = A659E3F228D8CDC900DD7CE2 /* XCRemoteSwiftPackageReference "firebase-ios-sdk" */;
			productName = FirebaseAnalyticsWithoutAdIdSupport;
		};
		A659E3FB28D8CDC900DD7CE2 /* FirebaseAppCheck */ = {
			isa = XCSwiftPackageProductDependency;
			package = A659E3F228D8CDC900DD7CE2 /* XCRemoteSwiftPackageReference "firebase-ios-sdk" */;
			productName = FirebaseAppCheck;
		};
		A659E3FD28D8CDC900DD7CE2 /* FirebaseAppDistribution-Beta */ = {
			isa = XCSwiftPackageProductDependency;
			package = A659E3F228D8CDC900DD7CE2 /* XCRemoteSwiftPackageReference "firebase-ios-sdk" */;
			productName = "FirebaseAppDistribution-Beta";
		};
		A659E3FF28D8CDC900DD7CE2 /* FirebaseAuth */ = {
			isa = XCSwiftPackageProductDependency;
			package = A659E3F228D8CDC900DD7CE2 /* XCRemoteSwiftPackageReference "firebase-ios-sdk" */;
			productName = FirebaseAuth;
		};
		A659E40128D8CDC900DD7CE2 /* FirebaseAuthCombine-Community */ = {
			isa = XCSwiftPackageProductDependency;
			package = A659E3F228D8CDC900DD7CE2 /* XCRemoteSwiftPackageReference "firebase-ios-sdk" */;
			productName = "FirebaseAuthCombine-Community";
		};
		A659E40328D8CDC900DD7CE2 /* FirebaseCrashlytics */ = {
			isa = XCSwiftPackageProductDependency;
			package = A659E3F228D8CDC900DD7CE2 /* XCRemoteSwiftPackageReference "firebase-ios-sdk" */;
			productName = FirebaseCrashlytics;
		};
		A659E40528D8CDC900DD7CE2 /* FirebaseDatabase */ = {
			isa = XCSwiftPackageProductDependency;
			package = A659E3F228D8CDC900DD7CE2 /* XCRemoteSwiftPackageReference "firebase-ios-sdk" */;
			productName = FirebaseDatabase;
		};
		A659E40728D8CDC900DD7CE2 /* FirebaseDatabaseSwift */ = {
			isa = XCSwiftPackageProductDependency;
			package = A659E3F228D8CDC900DD7CE2 /* XCRemoteSwiftPackageReference "firebase-ios-sdk" */;
			productName = FirebaseDatabaseSwift;
		};
		A659E40928D8CDC900DD7CE2 /* FirebaseDynamicLinks */ = {
			isa = XCSwiftPackageProductDependency;
			package = A659E3F228D8CDC900DD7CE2 /* XCRemoteSwiftPackageReference "firebase-ios-sdk" */;
			productName = FirebaseDynamicLinks;
		};
		A659E40B28D8CDC900DD7CE2 /* FirebaseFirestore */ = {
			isa = XCSwiftPackageProductDependency;
			package = A659E3F228D8CDC900DD7CE2 /* XCRemoteSwiftPackageReference "firebase-ios-sdk" */;
			productName = FirebaseFirestore;
		};
		A659E40D28D8CDC900DD7CE2 /* FirebaseFirestoreCombine-Community */ = {
			isa = XCSwiftPackageProductDependency;
			package = A659E3F228D8CDC900DD7CE2 /* XCRemoteSwiftPackageReference "firebase-ios-sdk" */;
			productName = "FirebaseFirestoreCombine-Community";
		};
		A659E40F28D8CDC900DD7CE2 /* FirebaseFirestoreSwift */ = {
			isa = XCSwiftPackageProductDependency;
			package = A659E3F228D8CDC900DD7CE2 /* XCRemoteSwiftPackageReference "firebase-ios-sdk" */;
			productName = FirebaseFirestoreSwift;
		};
		A659E41128D8CDC900DD7CE2 /* FirebaseFunctions */ = {
			isa = XCSwiftPackageProductDependency;
			package = A659E3F228D8CDC900DD7CE2 /* XCRemoteSwiftPackageReference "firebase-ios-sdk" */;
			productName = FirebaseFunctions;
		};
		A659E41328D8CDC900DD7CE2 /* FirebaseFunctionsCombine-Community */ = {
			isa = XCSwiftPackageProductDependency;
			package = A659E3F228D8CDC900DD7CE2 /* XCRemoteSwiftPackageReference "firebase-ios-sdk" */;
			productName = "FirebaseFunctionsCombine-Community";
		};
		A659E41528D8CDC900DD7CE2 /* FirebaseInAppMessaging-Beta */ = {
			isa = XCSwiftPackageProductDependency;
			package = A659E3F228D8CDC900DD7CE2 /* XCRemoteSwiftPackageReference "firebase-ios-sdk" */;
			productName = "FirebaseInAppMessaging-Beta";
		};
		A659E41728D8CDC900DD7CE2 /* FirebaseInAppMessagingSwift-Beta */ = {
			isa = XCSwiftPackageProductDependency;
			package = A659E3F228D8CDC900DD7CE2 /* XCRemoteSwiftPackageReference "firebase-ios-sdk" */;
			productName = "FirebaseInAppMessagingSwift-Beta";
		};
		A659E41928D8CDC900DD7CE2 /* FirebaseInstallations */ = {
			isa = XCSwiftPackageProductDependency;
			package = A659E3F228D8CDC900DD7CE2 /* XCRemoteSwiftPackageReference "firebase-ios-sdk" */;
			productName = FirebaseInstallations;
		};
		A659E41B28D8CDC900DD7CE2 /* FirebaseMLModelDownloader */ = {
			isa = XCSwiftPackageProductDependency;
			package = A659E3F228D8CDC900DD7CE2 /* XCRemoteSwiftPackageReference "firebase-ios-sdk" */;
			productName = FirebaseMLModelDownloader;
		};
		A659E41D28D8CDC900DD7CE2 /* FirebaseMessaging */ = {
			isa = XCSwiftPackageProductDependency;
			package = A659E3F228D8CDC900DD7CE2 /* XCRemoteSwiftPackageReference "firebase-ios-sdk" */;
			productName = FirebaseMessaging;
		};
		A659E41F28D8CDC900DD7CE2 /* FirebasePerformance */ = {
			isa = XCSwiftPackageProductDependency;
			package = A659E3F228D8CDC900DD7CE2 /* XCRemoteSwiftPackageReference "firebase-ios-sdk" */;
			productName = FirebasePerformance;
		};
		A659E42128D8CDC900DD7CE2 /* FirebaseRemoteConfig */ = {
			isa = XCSwiftPackageProductDependency;
			package = A659E3F228D8CDC900DD7CE2 /* XCRemoteSwiftPackageReference "firebase-ios-sdk" */;
			productName = FirebaseRemoteConfig;
		};
		A659E42328D8CDC900DD7CE2 /* FirebaseRemoteConfigSwift */ = {
			isa = XCSwiftPackageProductDependency;
			package = A659E3F228D8CDC900DD7CE2 /* XCRemoteSwiftPackageReference "firebase-ios-sdk" */;
			productName = FirebaseRemoteConfigSwift;
		};
		A659E42528D8CDC900DD7CE2 /* FirebaseStorage */ = {
			isa = XCSwiftPackageProductDependency;
			package = A659E3F228D8CDC900DD7CE2 /* XCRemoteSwiftPackageReference "firebase-ios-sdk" */;
			productName = FirebaseStorage;
		};
		A659E42728D8CDC900DD7CE2 /* FirebaseStorageCombine-Community */ = {
			isa = XCSwiftPackageProductDependency;
			package = A659E3F228D8CDC900DD7CE2 /* XCRemoteSwiftPackageReference "firebase-ios-sdk" */;
			productName = "FirebaseStorageCombine-Community";
		};
/* End XCSwiftPackageProductDependency section */

/* Begin XCVersionGroup section */
		A624C1E528C8E99E0092F1C6 /* tutoring_app.xcdatamodeld */ = {
			isa = XCVersionGroup;
			children = (
				A624C1E628C8E99E0092F1C6 /* tutoring_app.xcdatamodel */,
			);
			currentVersion = A624C1E628C8E99E0092F1C6 /* tutoring_app.xcdatamodel */;
			path = tutoring_app.xcdatamodeld;
			sourceTree = "<group>";
			versionGroupType = wrapper.xcdatamodel;
		};
/* End XCVersionGroup section */
	};
	rootObject = A624C1D128C8E99E0092F1C6 /* Project object */;
}
